// !$*UTF8*$!
{
	archiveVersion = 1;
	classes = {
	};
	objectVersion = 46;
	objects = {

/* Begin PBXBuildFile section */
		C0EBE9C81558BF760034865D /* UIKit.framework in Frameworks */ = {isa = PBXBuildFile; fileRef = C0EBE9C71558BF760034865D /* UIKit.framework */; };
		C0EBE9CA1558BF760034865D /* Foundation.framework in Frameworks */ = {isa = PBXBuildFile; fileRef = C0EBE9C91558BF760034865D /* Foundation.framework */; };
		C0EBE9CC1558BF760034865D /* CoreGraphics.framework in Frameworks */ = {isa = PBXBuildFile; fileRef = C0EBE9CB1558BF760034865D /* CoreGraphics.framework */; };
		C0EBE9D21558BF760034865D /* InfoPlist.strings in Resources */ = {isa = PBXBuildFile; fileRef = C0EBE9D01558BF760034865D /* InfoPlist.strings */; };
		C0EBE9D41558BF760034865D /* main.m in Sources */ = {isa = PBXBuildFile; fileRef = C0EBE9D31558BF760034865D /* main.m */; };
		C0EBE9D81558BF760034865D /* AppDelegate.m in Sources */ = {isa = PBXBuildFile; fileRef = C0EBE9D71558BF760034865D /* AppDelegate.m */; };
		C0EBE9DB1558BF760034865D /* ViewController.m in Sources */ = {isa = PBXBuildFile; fileRef = C0EBE9DA1558BF760034865D /* ViewController.m */; };
		C0EBE9DE1558BF760034865D /* ViewController.xib in Resources */ = {isa = PBXBuildFile; fileRef = C0EBE9DC1558BF760034865D /* ViewController.xib */; };
/* End PBXBuildFile section */

/* Begin PBXFileReference section */
		C0EBE9C31558BF760034865D /* Project2.2.app */ = {isa = PBXFileReference; explicitFileType = wrapper.application; includeInIndex = 0; path = Project2.2.app; sourceTree = BUILT_PRODUCTS_DIR; };
		C0EBE9C71558BF760034865D /* UIKit.framework */ = {isa = PBXFileReference; lastKnownFileType = wrapper.framework; name = UIKit.framework; path = System/Library/Frameworks/UIKit.framework; sourceTree = SDKROOT; };
		C0EBE9C91558BF760034865D /* Foundation.framework */ = {isa = PBXFileReference; lastKnownFileType = wrapper.framework; name = Foundation.framework; path = System/Library/Frameworks/Foundation.framework; sourceTree = SDKROOT; };
		C0EBE9CB1558BF760034865D /* CoreGraphics.framework */ = {isa = PBXFileReference; lastKnownFileType = wrapper.framework; name = CoreGraphics.framework; path = System/Library/Frameworks/CoreGraphics.framework; sourceTree = SDKROOT; };
		C0EBE9CF1558BF760034865D /* Project2.2-Info.plist */ = {isa = PBXFileReference; path = "Project2.2-Info.plist"; sourceTree = "<group>"; };
		C0EBE9D11558BF760034865D /* en */ = {isa = PBXFileReference; lastKnownFileType = text.plist.strings; name = en; path = en.lproj/InfoPlist.strings; sourceTree = "<group>"; };
		C0EBE9D31558BF760034865D /* main.m */ = {isa = PBXFileReference; lastKnownFileType = sourcecode.c.objc; path = main.m; sourceTree = "<group>"; };
		C0EBE9D51558BF760034865D /* Project2.2-Prefix.pch */ = {isa = PBXFileReference; path = "Project2.2-Prefix.pch"; sourceTree = "<group>"; };
		C0EBE9D61558BF760034865D /* AppDelegate.h */ = {isa = PBXFileReference; path = AppDelegate.h; sourceTree = "<group>"; };
		C0EBE9D71558BF760034865D /* AppDelegate.m */ = {isa = PBXFileReference; lastKnownFileType = sourcecode.c.objc; path = AppDelegate.m; sourceTree = "<group>"; };
		C0EBE9D91558BF760034865D /* ViewController.h */ = {isa = PBXFileReference; path = ViewController.h; sourceTree = "<group>"; };
		C0EBE9DA1558BF760034865D /* ViewController.m */ = {isa = PBXFileReference; lastKnownFileType = sourcecode.c.objc; path = ViewController.m; sourceTree = "<group>"; };
		C0EBE9DD1558BF760034865D /* en */ = {isa = PBXFileReference; lastKnownFileType = file.xib; name = en; path = en.lproj/ViewController.xib; sourceTree = "<group>"; };
/* End PBXFileReference section */

/* Begin PBXFrameworksBuildPhase section */
		C0EBE9C01558BF760034865D /* Frameworks */ = {
			isa = PBXFrameworksBuildPhase;
			buildActionMask = 2147483647;
			files = (
				C0EBE9C81558BF760034865D /* UIKit.framework in Frameworks */,
				C0EBE9CA1558BF760034865D /* Foundation.framework in Frameworks */,
				C0EBE9CC1558BF760034865D /* CoreGraphics.framework in Frameworks */,
			);
			runOnlyForDeploymentPostprocessing = 0;
		};
/* End PBXFrameworksBuildPhase section */

/* Begin PBXGroup section */
		C0EBE9B81558BF760034865D = {
			isa = PBXGroup;
			children = (
				C0EBE9CD1558BF760034865D /* Project2.2 */,
				C0EBE9C61558BF760034865D /* Frameworks */,
				C0EBE9C41558BF760034865D /* Products */,
			);
			sourceTree = "<group>";
		};
		C0EBE9C41558BF760034865D /* Products */ = {
			isa = PBXGroup;
			children = (
				C0EBE9C31558BF760034865D /* Project2.2.app */,
			);
			name = Products;
			sourceTree = "<group>";
		};
		C0EBE9C61558BF760034865D /* Frameworks */ = {
			isa = PBXGroup;
			children = (
				C0EBE9C71558BF760034865D /* UIKit.framework */,
				C0EBE9C91558BF760034865D /* Foundation.framework */,
				C0EBE9CB1558BF760034865D /* CoreGraphics.framework */,
			);
			name = Frameworks;
			sourceTree = "<group>";
		};
		C0EBE9CD1558BF760034865D /* Project2.2 */ = {
			isa = PBXGroup;
			children = (
				C0EBE9D61558BF760034865D /* AppDelegate.h */,
				C0EBE9D71558BF760034865D /* AppDelegate.m */,
				C0EBE9D91558BF760034865D /* ViewController.h */,
				C0EBE9DA1558BF760034865D /* ViewController.m */,
				C0EBE9DC1558BF760034865D /* ViewController.xib */,
				C0EBE9CE1558BF760034865D /* Supporting Files */,
			);
			path = Project2.2;
			sourceTree = "<group>";
		};
		C0EBE9CE1558BF760034865D /* Supporting Files */ = {
			isa = PBXGroup;
			children = (
				C0EBE9CF1558BF760034865D /* Project2.2-Info.plist */,
				C0EBE9D01558BF760034865D /* InfoPlist.strings */,
				C0EBE9D31558BF760034865D /* main.m */,
				C0EBE9D51558BF760034865D /* Project2.2-Prefix.pch */,
			);
			name = "Supporting Files";
			sourceTree = "<group>";
		};
/* End PBXGroup section */

/* Begin PBXNativeTarget section */
		C0EBE9C21558BF760034865D /* Project2.2 */ = {
			isa = PBXNativeTarget;
			buildConfigurationList = C0EBE9E11558BF760034865D /* Build configuration list for PBXNativeTarget "Project2.2" */;
			buildPhases = (
				C0EBE9BF1558BF760034865D /* Sources */,
				C0EBE9C01558BF760034865D /* Frameworks */,
				C0EBE9C11558BF760034865D /* Resources */,
			);
			buildRules = (
			);
			dependencies = (
			);
			name = Project2.2;
			productName = Project2.2;
			productReference = C0EBE9C31558BF760034865D /* Project2.2.app */;
			productType = "com.apple.product-type.application";
		};
/* End PBXNativeTarget section */

/* Begin PBXProject section */
		C0EBE9BA1558BF760034865D /* Project object */ = {
			isa = PBXProject;
			attributes = {
				LastUpgradeCheck = 0430;
				ORGANIZATIONNAME = "Full Sail University";
			};
			buildConfigurationList = C0EBE9BD1558BF760034865D /* Build configuration list for PBXProject "Project2.2" */;
			compatibilityVersion = "Xcode 3.2";
			developmentRegion = English;
			hasScannedForEncodings = 0;
			knownRegions = (
				en,
			);
			mainGroup = C0EBE9B81558BF760034865D;
			productRefGroup = C0EBE9C41558BF760034865D /* Products */;
			projectDirPath = "";
			projectRoot = "";
			targets = (
				C0EBE9C21558BF760034865D /* Project2.2 */,
			);
		};
/* End PBXProject section */

/* Begin PBXResourcesBuildPhase section */
		C0EBE9C11558BF760034865D /* Resources */ = {
			isa = PBXResourcesBuildPhase;
			buildActionMask = 2147483647;
			files = (
				C0EBE9D21558BF760034865D /* InfoPlist.strings in Resources */,
				C0EBE9DE1558BF760034865D /* ViewController.xib in Resources */,
			);
			runOnlyForDeploymentPostprocessing = 0;
		};
/* End PBXResourcesBuildPhase section */

/* Begin PBXSourcesBuildPhase section */
		C0EBE9BF1558BF760034865D /* Sources */ = {
			isa = PBXSourcesBuildPhase;
			buildActionMask = 2147483647;
			files = (
				C0EBE9D41558BF760034865D /* main.m in Sources */,
				C0EBE9D81558BF760034865D /* AppDelegate.m in Sources */,
				C0EBE9DB1558BF760034865D /* ViewController.m in Sources */,
			);
			runOnlyForDeploymentPostprocessing = 0;
		};
/* End PBXSourcesBuildPhase section */

/* Begin PBXVariantGroup section */
		C0EBE9D01558BF760034865D /* InfoPlist.strings */ = {
			isa = PBXVariantGroup;
			children = (
				C0EBE9D11558BF760034865D /* en */,
			);
			name = InfoPlist.strings;
			sourceTree = "<group>";
		};
		C0EBE9DC1558BF760034865D /* ViewController.xib */ = {
			isa = PBXVariantGroup;
			children = (
				C0EBE9DD1558BF760034865D /* en */,
			);
			name = ViewController.xib;
			sourceTree = "<group>";
		};
/* End PBXVariantGroup section */

/* Begin XCBuildConfiguration section */
		C0EBE9DF1558BF760034865D /* Debug */ = {
			isa = XCBuildConfiguration;
			buildSettings = {
				ALWAYS_SEARCH_USER_PATHS = NO;
				ARCHS = "$(ARCHS_STANDARD_32_BIT)";
				"CODE_SIGN_IDENTITY[sdk=iphoneos*]" = "iPhone Developer";
				COPY_PHASE_STRIP = NO;
				GCC_C_LANGUAGE_STANDARD = gnu99;
				GCC_DYNAMIC_NO_PIC = NO;
				GCC_OPTIMIZATION_LEVEL = 0;
				GCC_PREPROCESSOR_DEFINITIONS = (
					"DEBUG=1",
					"$(inherited)",
				);
				GCC_SYMBOLS_PRIVATE_EXTERN = NO;
				GCC_VERSION = com.apple.compilers.llvm.clang.1_0;
				GCC_WARN_ABOUT_RETURN_TYPE = YES;
				GCC_WARN_UNINITIALIZED_AUTOS = YES;
				GCC_WARN_UNUSED_VARIABLE = YES;
				IPHONEOS_DEPLOYMENT_TARGET = 5.1;
				SDKROOT = iphoneos;
			};
			name = Debug;
		};
		C0EBE9E01558BF760034865D /* Release */ = {
			isa = XCBuildConfiguration;
			buildSettings = {
				ALWAYS_SEARCH_USER_PATHS = NO;
				ARCHS = "$(ARCHS_STANDARD_32_BIT)";
				"CODE_SIGN_IDENTITY[sdk=iphoneos*]" = "iPhone Developer";
				COPY_PHASE_STRIP = YES;
				GCC_C_LANGUAGE_STANDARD = gnu99;
				GCC_VERSION = com.apple.compilers.llvm.clang.1_0;
				GCC_WARN_ABOUT_RETURN_TYPE = YES;
				GCC_WARN_UNINITIALIZED_AUTOS = YES;
				GCC_WARN_UNUSED_VARIABLE = YES;
				IPHONEOS_DEPLOYMENT_TARGET = 5.1;
				OTHER_CFLAGS = "-DNS_BLOCK_ASSERTIONS=1";
				SDKROOT = iphoneos;
				VALIDATE_PRODUCT = YES;
			};
			name = Release;
		};
		C0EBE9E21558BF760034865D /* Debug */ = {
			isa = XCBuildConfiguration;
			buildSettings = {
				GCC_PRECOMPILE_PREFIX_HEADER = YES;
				GCC_PREFIX_HEADER = "Project2.2/Project2.2-Prefix.pch";
				INFOPLIST_FILE = "Project2.2/Project2.2-Info.plist";
				PRODUCT_NAME = "$(TARGET_NAME)";
				WRAPPER_EXTENSION = app;
			};
			name = Debug;
		};
		C0EBE9E31558BF760034865D /* Release */ = {
			isa = XCBuildConfiguration;
			buildSettings = {
				GCC_PRECOMPILE_PREFIX_HEADER = YES;
				GCC_PREFIX_HEADER = "Project2.2/Project2.2-Prefix.pch";
				INFOPLIST_FILE = "Project2.2/Project2.2-Info.plist";
				PRODUCT_NAME = "$(TARGET_NAME)";
				WRAPPER_EXTENSION = app;
			};
			name = Release;
		};
/* End XCBuildConfiguration section */

/* Begin XCConfigurationList section */
		C0EBE9BD1558BF760034865D /* Build configuration list for PBXProject "Project2.2" */ = {
			isa = XCConfigurationList;
			buildConfigurations = (
				C0EBE9DF1558BF760034865D /* Debug */,
				C0EBE9E01558BF760034865D /* Release */,
			);
			defaultConfigurationIsVisible = 0;
			defaultConfigurationName = Release;
		};
		C0EBE9E11558BF760034865D /* Build configuration list for PBXNativeTarget "Project2.2" */ = {
			isa = XCConfigurationList;
			buildConfigurations = (
				C0EBE9E21558BF760034865D /* Debug */,
				C0EBE9E31558BF760034865D /* Release */,
			);
			defaultConfigurationIsVisible = 0;
		};
/* End XCConfigurationList section */
	};
	rootObject = C0EBE9BA1558BF760034865D /* Project object */;
}
