// !$*UTF8*$!
{
	archiveVersion = 1;
	classes = {
	};
	objectVersion = 46;
	objects = {

/* Begin PBXBuildFile section */
		C03B11AD15EAE73C00299714 /* UIKit.framework in Frameworks */ = {isa = PBXBuildFile; fileRef = C03B11AC15EAE73C00299714 /* UIKit.framework */; };
		C03B11AF15EAE73C00299714 /* Foundation.framework in Frameworks */ = {isa = PBXBuildFile; fileRef = C03B11AE15EAE73C00299714 /* Foundation.framework */; };
		C03B11B115EAE73C00299714 /* CoreGraphics.framework in Frameworks */ = {isa = PBXBuildFile; fileRef = C03B11B015EAE73C00299714 /* CoreGraphics.framework */; };
		C03B11B715EAE73C00299714 /* InfoPlist.strings in Resources */ = {isa = PBXBuildFile; fileRef = C03B11B515EAE73C00299714 /* InfoPlist.strings */; };
		C03B11B915EAE73C00299714 /* main.m in Sources */ = {isa = PBXBuildFile; fileRef = C03B11B815EAE73C00299714 /* main.m */; };
		C03B11BD15EAE73C00299714 /* AppDelegate.m in Sources */ = {isa = PBXBuildFile; fileRef = C03B11BC15EAE73C00299714 /* AppDelegate.m */; };
		C03B11C015EAE73C00299714 /* ViewController.m in Sources */ = {isa = PBXBuildFile; fileRef = C03B11BF15EAE73C00299714 /* ViewController.m */; };
		C03B11C315EAE73D00299714 /* ViewController_iPhone.xib in Resources */ = {isa = PBXBuildFile; fileRef = C03B11C115EAE73D00299714 /* ViewController_iPhone.xib */; };
		C03B11CF15EB054700299714 /* us_flag.jpg in Resources */ = {isa = PBXBuildFile; fileRef = C03B11CE15EB054700299714 /* us_flag.jpg */; };
		C03B11E015EC6BD600299714 /* SecondView.xib in Resources */ = {isa = PBXBuildFile; fileRef = C03B11DF15EC6BD600299714 /* SecondView.xib */; };
		C03B11E615EC6C2600299714 /* SecondView.m in Sources */ = {isa = PBXBuildFile; fileRef = C03B11E515EC6C2600299714 /* SecondView.m */; };
		C03B11E815ED96D800299714 /* flag_flying.jpg in Resources */ = {isa = PBXBuildFile; fileRef = C03B11E715ED96D800299714 /* flag_flying.jpg */; };
		C03B11EA15ED9CF300299714 /* CellView.xib in Resources */ = {isa = PBXBuildFile; fileRef = C03B11E915ED9CF300299714 /* CellView.xib */; };
		C03B11ED15ED9ECA00299714 /* CellView.m in Sources */ = {isa = PBXBuildFile; fileRef = C03B11EC15ED9ECA00299714 /* CellView.m */; };
		C03B11F315EDBCD700299714 /* Default.png in Resources */ = {isa = PBXBuildFile; fileRef = C03B11F215EDBCD700299714 /* Default.png */; };
		C03B11F715EDC09800299714 /* Icon.png in Resources */ = {isa = PBXBuildFile; fileRef = C03B11F615EDC09800299714 /* Icon.png */; };
		C03B11F915EEEE4700299714 /* Icon.png in Resources */ = {isa = PBXBuildFile; fileRef = C03B11F815EEEE4700299714 /* Icon.png */; };
/* End PBXBuildFile section */

/* Begin PBXFileReference section */
		C03B11A815EAE73C00299714 /* week1.app */ = {isa = PBXFileReference; explicitFileType = wrapper.application; includeInIndex = 0; path = week1.app; sourceTree = BUILT_PRODUCTS_DIR; };
		C03B11AC15EAE73C00299714 /* UIKit.framework */ = {isa = PBXFileReference; lastKnownFileType = wrapper.framework; name = UIKit.framework; path = System/Library/Frameworks/UIKit.framework; sourceTree = SDKROOT; };
		C03B11AE15EAE73C00299714 /* Foundation.framework */ = {isa = PBXFileReference; lastKnownFileType = wrapper.framework; name = Foundation.framework; path = System/Library/Frameworks/Foundation.framework; sourceTree = SDKROOT; };
		C03B11B015EAE73C00299714 /* CoreGraphics.framework */ = {isa = PBXFileReference; lastKnownFileType = wrapper.framework; name = CoreGraphics.framework; path = System/Library/Frameworks/CoreGraphics.framework; sourceTree = SDKROOT; };
		C03B11B415EAE73C00299714 /* week1-Info.plist */ = {isa = PBXFileReference; lastKnownFileType = text.plist.xml; path = "week1-Info.plist"; sourceTree = "<group>"; };
		C03B11B615EAE73C00299714 /* en */ = {isa = PBXFileReference; lastKnownFileType = text.plist.strings; name = en; path = en.lproj/InfoPlist.strings; sourceTree = "<group>"; };
		C03B11B815EAE73C00299714 /* main.m */ = {isa = PBXFileReference; lastKnownFileType = sourcecode.c.objc; path = main.m; sourceTree = "<group>"; };
		C03B11BA15EAE73C00299714 /* week1-Prefix.pch */ = {isa = PBXFileReference; lastKnownFileType = sourcecode.c.h; path = "week1-Prefix.pch"; sourceTree = "<group>"; };
		C03B11BB15EAE73C00299714 /* AppDelegate.h */ = {isa = PBXFileReference; lastKnownFileType = sourcecode.c.h; path = AppDelegate.h; sourceTree = "<group>"; };
		C03B11BC15EAE73C00299714 /* AppDelegate.m */ = {isa = PBXFileReference; lastKnownFileType = sourcecode.c.objc; path = AppDelegate.m; sourceTree = "<group>"; };
		C03B11BE15EAE73C00299714 /* ViewController.h */ = {isa = PBXFileReference; lastKnownFileType = sourcecode.c.h; path = ViewController.h; sourceTree = "<group>"; };
		C03B11BF15EAE73C00299714 /* ViewController.m */ = {isa = PBXFileReference; lastKnownFileType = sourcecode.c.objc; path = ViewController.m; sourceTree = "<group>"; };
		C03B11C215EAE73D00299714 /* en */ = {isa = PBXFileReference; lastKnownFileType = file.xib; name = en; path = en.lproj/ViewController_iPhone.xib; sourceTree = "<group>"; };
		C03B11CE15EB054700299714 /* us_flag.jpg */ = {isa = PBXFileReference; lastKnownFileType = image.jpeg; name = us_flag.jpg; path = ../../../../../../Desktop/us_flag.jpg; sourceTree = "<group>"; };
		C03B11DF15EC6BD600299714 /* SecondView.xib */ = {isa = PBXFileReference; fileEncoding = 4; lastKnownFileType = file.xib; path = SecondView.xib; sourceTree = "<group>"; };
		C03B11E415EC6C2600299714 /* SecondView.h */ = {isa = PBXFileReference; fileEncoding = 4; lastKnownFileType = sourcecode.c.h; path = SecondView.h; sourceTree = "<group>"; };
		C03B11E515EC6C2600299714 /* SecondView.m */ = {isa = PBXFileReference; fileEncoding = 4; lastKnownFileType = sourcecode.c.objc; path = SecondView.m; sourceTree = "<group>"; };
		C03B11E715ED96D800299714 /* flag_flying.jpg */ = {isa = PBXFileReference; lastKnownFileType = image.jpeg; name = flag_flying.jpg; path = ../../../../../../Desktop/flag_flying.jpg; sourceTree = "<group>"; };
		C03B11E915ED9CF300299714 /* CellView.xib */ = {isa = PBXFileReference; fileEncoding = 4; lastKnownFileType = file.xib; path = CellView.xib; sourceTree = "<group>"; };
		C03B11EB15ED9ECA00299714 /* CellView.h */ = {isa = PBXFileReference; fileEncoding = 4; lastKnownFileType = sourcecode.c.h; path = CellView.h; sourceTree = "<group>"; };
		C03B11EC15ED9ECA00299714 /* CellView.m */ = {isa = PBXFileReference; fileEncoding = 4; lastKnownFileType = sourcecode.c.objc; path = CellView.m; sourceTree = "<group>"; };
		C03B11F215EDBCD700299714 /* Default.png */ = {isa = PBXFileReference; lastKnownFileType = image.png; name = Default.png; path = ../../../../../../Desktop/Default.png; sourceTree = "<group>"; };
		C03B11F615EDC09800299714 /* Icon.png */ = {isa = PBXFileReference; lastKnownFileType = image.png; name = Icon.png; path = ../../../../../../Desktop/Icon.png; sourceTree = "<group>"; };
		C03B11F815EEEE4700299714 /* Icon.png */ = {isa = PBXFileReference; lastKnownFileType = image.png; path = Icon.png; sourceTree = "<group>"; };
/* End PBXFileReference section */

/* Begin PBXFrameworksBuildPhase section */
		C03B11A515EAE73C00299714 /* Frameworks */ = {
			isa = PBXFrameworksBuildPhase;
			buildActionMask = 2147483647;
			files = (
				C03B11AD15EAE73C00299714 /* UIKit.framework in Frameworks */,
				C03B11AF15EAE73C00299714 /* Foundation.framework in Frameworks */,
				C03B11B115EAE73C00299714 /* CoreGraphics.framework in Frameworks */,
			);
			runOnlyForDeploymentPostprocessing = 0;
		};
/* End PBXFrameworksBuildPhase section */

/* Begin PBXGroup section */
		C03B119D15EAE73C00299714 = {
			isa = PBXGroup;
			children = (
				C03B11F815EEEE4700299714 /* Icon.png */,
				C03B11B215EAE73C00299714 /* week1 */,
				C03B11AB15EAE73C00299714 /* Frameworks */,
				C03B11A915EAE73C00299714 /* Products */,
			);
			sourceTree = "<group>";
		};
		C03B11A915EAE73C00299714 /* Products */ = {
			isa = PBXGroup;
			children = (
				C03B11A815EAE73C00299714 /* week1.app */,
			);
			name = Products;
			sourceTree = "<group>";
		};
		C03B11AB15EAE73C00299714 /* Frameworks */ = {
			isa = PBXGroup;
			children = (
				C03B11AC15EAE73C00299714 /* UIKit.framework */,
				C03B11AE15EAE73C00299714 /* Foundation.framework */,
				C03B11B015EAE73C00299714 /* CoreGraphics.framework */,
			);
			name = Frameworks;
			sourceTree = "<group>";
		};
		C03B11B215EAE73C00299714 /* week1 */ = {
			isa = PBXGroup;
			children = (
				C03B11F615EDC09800299714 /* Icon.png */,
				C03B11F215EDBCD700299714 /* Default.png */,
				C03B11E715ED96D800299714 /* flag_flying.jpg */,
				C03B11CE15EB054700299714 /* us_flag.jpg */,
				C03B11BB15EAE73C00299714 /* AppDelegate.h */,
				C03B11BC15EAE73C00299714 /* AppDelegate.m */,
				C03B11BE15EAE73C00299714 /* ViewController.h */,
				C03B11BF15EAE73C00299714 /* ViewController.m */,
				C03B11C115EAE73D00299714 /* ViewController_iPhone.xib */,
				C03B11B315EAE73C00299714 /* Supporting Files */,
				C03B11DF15EC6BD600299714 /* SecondView.xib */,
				C03B11E415EC6C2600299714 /* SecondView.h */,
				C03B11E515EC6C2600299714 /* SecondView.m */,
				C03B11E915ED9CF300299714 /* CellView.xib */,
				C03B11EB15ED9ECA00299714 /* CellView.h */,
				C03B11EC15ED9ECA00299714 /* CellView.m */,
			);
			path = week1;
			sourceTree = "<group>";
		};
		C03B11B315EAE73C00299714 /* Supporting Files */ = {
			isa = PBXGroup;
			children = (
				C03B11B415EAE73C00299714 /* week1-Info.plist */,
				C03B11B515EAE73C00299714 /* InfoPlist.strings */,
				C03B11B815EAE73C00299714 /* main.m */,
				C03B11BA15EAE73C00299714 /* week1-Prefix.pch */,
			);
			name = "Supporting Files";
			sourceTree = "<group>";
		};
/* End PBXGroup section */

/* Begin PBXNativeTarget section */
		C03B11A715EAE73C00299714 /* week1 */ = {
			isa = PBXNativeTarget;
			buildConfigurationList = C03B11C915EAE73D00299714 /* Build configuration list for PBXNativeTarget "week1" */;
			buildPhases = (
				C03B11A415EAE73C00299714 /* Sources */,
				C03B11A515EAE73C00299714 /* Frameworks */,
				C03B11A615EAE73C00299714 /* Resources */,
			);
			buildRules = (
			);
			dependencies = (
			);
			name = week1;
			productName = week1;
			productReference = C03B11A815EAE73C00299714 /* week1.app */;
			productType = "com.apple.product-type.application";
		};
/* End PBXNativeTarget section */

/* Begin PBXProject section */
		C03B119F15EAE73C00299714 /* Project object */ = {
			isa = PBXProject;
			attributes = {
				LastUpgradeCheck = 0430;
				ORGANIZATIONNAME = "Full Sail University";
			};
			buildConfigurationList = C03B11A215EAE73C00299714 /* Build configuration list for PBXProject "week1" */;
			compatibilityVersion = "Xcode 3.2";
			developmentRegion = English;
			hasScannedForEncodings = 0;
			knownRegions = (
				en,
			);
			mainGroup = C03B119D15EAE73C00299714;
			productRefGroup = C03B11A915EAE73C00299714 /* Products */;
			projectDirPath = "";
			projectRoot = "";
			targets = (
				C03B11A715EAE73C00299714 /* week1 */,
			);
		};
/* End PBXProject section */

/* Begin PBXResourcesBuildPhase section */
		C03B11A615EAE73C00299714 /* Resources */ = {
			isa = PBXResourcesBuildPhase;
			buildActionMask = 2147483647;
			files = (
				C03B11B715EAE73C00299714 /* InfoPlist.strings in Resources */,
				C03B11C315EAE73D00299714 /* ViewController_iPhone.xib in Resources */,
				C03B11CF15EB054700299714 /* us_flag.jpg in Resources */,
				C03B11E015EC6BD600299714 /* SecondView.xib in Resources */,
				C03B11E815ED96D800299714 /* flag_flying.jpg in Resources */,
				C03B11EA15ED9CF300299714 /* CellView.xib in Resources */,
				C03B11F315EDBCD700299714 /* Default.png in Resources */,
				C03B11F715EDC09800299714 /* Icon.png in Resources */,
				C03B11F915EEEE4700299714 /* Icon.png in Resources */,
			);
			runOnlyForDeploymentPostprocessing = 0;
		};
/* End PBXResourcesBuildPhase section */

/* Begin PBXSourcesBuildPhase section */
		C03B11A415EAE73C00299714 /* Sources */ = {
			isa = PBXSourcesBuildPhase;
			buildActionMask = 2147483647;
			files = (
				C03B11B915EAE73C00299714 /* main.m in Sources */,
				C03B11BD15EAE73C00299714 /* AppDelegate.m in Sources */,
				C03B11C015EAE73C00299714 /* ViewController.m in Sources */,
				C03B11E615EC6C2600299714 /* SecondView.m in Sources */,
				C03B11ED15ED9ECA00299714 /* CellView.m in Sources */,
			);
			runOnlyForDeploymentPostprocessing = 0;
		};
/* End PBXSourcesBuildPhase section */

/* Begin PBXVariantGroup section */
		C03B11B515EAE73C00299714 /* InfoPlist.strings */ = {
			isa = PBXVariantGroup;
			children = (
				C03B11B615EAE73C00299714 /* en */,
			);
			name = InfoPlist.strings;
			sourceTree = "<group>";
		};
		C03B11C115EAE73D00299714 /* ViewController_iPhone.xib */ = {
			isa = PBXVariantGroup;
			children = (
				C03B11C215EAE73D00299714 /* en */,
			);
			name = ViewController_iPhone.xib;
			sourceTree = "<group>";
		};
/* End PBXVariantGroup section */

/* Begin XCBuildConfiguration section */
		C03B11C715EAE73D00299714 /* Debug */ = {
			isa = XCBuildConfiguration;
			buildSettings = {
				ALWAYS_SEARCH_USER_PATHS = NO;
				ARCHS = "$(ARCHS_STANDARD_32_BIT)";
				CLANG_ENABLE_OBJC_ARC = YES;
				"CODE_SIGN_IDENTITY[sdk=iphoneos*]" = "iPhone Developer";
				COPY_PHASE_STRIP = NO;
				GCC_C_LANGUAGE_STANDARD = gnu99;
				GCC_DYNAMIC_NO_PIC = NO;
				GCC_OPTIMIZATION_LEVEL = 0;
				GCC_PREPROCESSOR_DEFINITIONS = (
					"DEBUG=1",
					"$(inherited)",
				);
				GCC_SYMBOLS_PRIVATE_EXTERN = NO;
				GCC_VERSION = com.apple.compilers.llvm.clang.1_0;
				GCC_WARN_ABOUT_RETURN_TYPE = YES;
				GCC_WARN_UNINITIALIZED_AUTOS = YES;
				GCC_WARN_UNUSED_VARIABLE = YES;
				IPHONEOS_DEPLOYMENT_TARGET = 5.1;
				SDKROOT = iphoneos;
				TARGETED_DEVICE_FAMILY = "1,2";
			};
			name = Debug;
		};
		C03B11C815EAE73D00299714 /* Release */ = {
			isa = XCBuildConfiguration;
			buildSettings = {
				ALWAYS_SEARCH_USER_PATHS = NO;
				ARCHS = "$(ARCHS_STANDARD_32_BIT)";
				CLANG_ENABLE_OBJC_ARC = YES;
				"CODE_SIGN_IDENTITY[sdk=iphoneos*]" = "iPhone Developer";
				COPY_PHASE_STRIP = YES;
				GCC_C_LANGUAGE_STANDARD = gnu99;
				GCC_VERSION = com.apple.compilers.llvm.clang.1_0;
				GCC_WARN_ABOUT_RETURN_TYPE = YES;
				GCC_WARN_UNINITIALIZED_AUTOS = YES;
				GCC_WARN_UNUSED_VARIABLE = YES;
				IPHONEOS_DEPLOYMENT_TARGET = 5.1;
				OTHER_CFLAGS = "-DNS_BLOCK_ASSERTIONS=1";
				SDKROOT = iphoneos;
				TARGETED_DEVICE_FAMILY = "1,2";
				VALIDATE_PRODUCT = YES;
			};
			name = Release;
		};
		C03B11CA15EAE73D00299714 /* Debug */ = {
			isa = XCBuildConfiguration;
			buildSettings = {
				GCC_PRECOMPILE_PREFIX_HEADER = YES;
				GCC_PREFIX_HEADER = "week1/week1-Prefix.pch";
				INFOPLIST_FILE = "week1/week1-Info.plist";
				PRODUCT_NAME = "$(TARGET_NAME)";
				WRAPPER_EXTENSION = app;
			};
			name = Debug;
		};
		C03B11CB15EAE73D00299714 /* Release */ = {
			isa = XCBuildConfiguration;
			buildSettings = {
				GCC_PRECOMPILE_PREFIX_HEADER = YES;
				GCC_PREFIX_HEADER = "week1/week1-Prefix.pch";
				INFOPLIST_FILE = "week1/week1-Info.plist";
				PRODUCT_NAME = "$(TARGET_NAME)";
				WRAPPER_EXTENSION = app;
			};
			name = Release;
		};
/* End XCBuildConfiguration section */

/* Begin XCConfigurationList section */
		C03B11A215EAE73C00299714 /* Build configuration list for PBXProject "week1" */ = {
			isa = XCConfigurationList;
			buildConfigurations = (
				C03B11C715EAE73D00299714 /* Debug */,
				C03B11C815EAE73D00299714 /* Release */,
			);
			defaultConfigurationIsVisible = 0;
			defaultConfigurationName = Release;
		};
		C03B11C915EAE73D00299714 /* Build configuration list for PBXNativeTarget "week1" */ = {
			isa = XCConfigurationList;
			buildConfigurations = (
				C03B11CA15EAE73D00299714 /* Debug */,
				C03B11CB15EAE73D00299714 /* Release */,
			);
			defaultConfigurationIsVisible = 0;
		};
/* End XCConfigurationList section */
	};
	rootObject = C03B119F15EAE73C00299714 /* Project object */;
}
