// !$*UTF8*$!
{
	archiveVersion = 1;
	classes = {
	};
	objectVersion = 46;
	objects = {

/* Begin PBXBuildFile section */
		C0F40704159942DF00E93848 /* UIKit.framework in Frameworks */ = {isa = PBXBuildFile; fileRef = C0F40703159942DF00E93848 /* UIKit.framework */; };
		C0F40706159942DF00E93848 /* Foundation.framework in Frameworks */ = {isa = PBXBuildFile; fileRef = C0F40705159942DF00E93848 /* Foundation.framework */; };
		C0F40708159942DF00E93848 /* CoreGraphics.framework in Frameworks */ = {isa = PBXBuildFile; fileRef = C0F40707159942DF00E93848 /* CoreGraphics.framework */; };
		C0F4070E159942DF00E93848 /* InfoPlist.strings in Resources */ = {isa = PBXBuildFile; fileRef = C0F4070C159942DF00E93848 /* InfoPlist.strings */; };
		C0F40710159942DF00E93848 /* main.m in Sources */ = {isa = PBXBuildFile; fileRef = C0F4070F159942DF00E93848 /* main.m */; };
		C0F40714159942DF00E93848 /* AppDelegate.m in Sources */ = {isa = PBXBuildFile; fileRef = C0F40713159942DF00E93848 /* AppDelegate.m */; };
		C0F40717159942DF00E93848 /* ViewController.m in Sources */ = {isa = PBXBuildFile; fileRef = C0F40716159942DF00E93848 /* ViewController.m */; };
		C0F4071A159942DF00E93848 /* ViewController_iPhone.xib in Resources */ = {isa = PBXBuildFile; fileRef = C0F40718159942DF00E93848 /* ViewController_iPhone.xib */; };
		C0F4071D159942DF00E93848 /* ViewController_iPad.xib in Resources */ = {isa = PBXBuildFile; fileRef = C0F4071B159942DF00E93848 /* ViewController_iPad.xib */; };
		C0F40789159A921E00E93848 /* DogClass.m in Sources */ = {isa = PBXBuildFile; fileRef = C0F40788159A921E00E93848 /* DogClass.m */; };
		C0F4078C159ABB4300E93848 /* BoxerDog.m in Sources */ = {isa = PBXBuildFile; fileRef = C0F4078B159ABB4300E93848 /* BoxerDog.m */; };
		C0F4078F159ABB5600E93848 /* MastiffDog.m in Sources */ = {isa = PBXBuildFile; fileRef = C0F4078E159ABB5600E93848 /* MastiffDog.m */; };
		C0F40792159ABB6400E93848 /* BeagleDog.m in Sources */ = {isa = PBXBuildFile; fileRef = C0F40791159ABB6400E93848 /* BeagleDog.m */; };
/* End PBXBuildFile section */

/* Begin PBXFileReference section */
		C0F406FF159942DF00E93848 /* week1.app */ = {isa = PBXFileReference; explicitFileType = wrapper.application; includeInIndex = 0; path = week1.app; sourceTree = BUILT_PRODUCTS_DIR; };
		C0F40703159942DF00E93848 /* UIKit.framework */ = {isa = PBXFileReference; lastKnownFileType = wrapper.framework; name = UIKit.framework; path = System/Library/Frameworks/UIKit.framework; sourceTree = SDKROOT; };
		C0F40705159942DF00E93848 /* Foundation.framework */ = {isa = PBXFileReference; lastKnownFileType = wrapper.framework; name = Foundation.framework; path = System/Library/Frameworks/Foundation.framework; sourceTree = SDKROOT; };
		C0F40707159942DF00E93848 /* CoreGraphics.framework */ = {isa = PBXFileReference; lastKnownFileType = wrapper.framework; name = CoreGraphics.framework; path = System/Library/Frameworks/CoreGraphics.framework; sourceTree = SDKROOT; };
		C0F4070B159942DF00E93848 /* week1-Info.plist */ = {isa = PBXFileReference; lastKnownFileType = text.plist.xml; path = "week1-Info.plist"; sourceTree = "<group>"; };
		C0F4070D159942DF00E93848 /* en */ = {isa = PBXFileReference; lastKnownFileType = text.plist.strings; name = en; path = en.lproj/InfoPlist.strings; sourceTree = "<group>"; };
		C0F4070F159942DF00E93848 /* main.m */ = {isa = PBXFileReference; lastKnownFileType = sourcecode.c.objc; path = main.m; sourceTree = "<group>"; };
		C0F40711159942DF00E93848 /* week1-Prefix.pch */ = {isa = PBXFileReference; lastKnownFileType = sourcecode.c.h; path = "week1-Prefix.pch"; sourceTree = "<group>"; };
		C0F40712159942DF00E93848 /* AppDelegate.h */ = {isa = PBXFileReference; lastKnownFileType = sourcecode.c.h; path = AppDelegate.h; sourceTree = "<group>"; };
		C0F40713159942DF00E93848 /* AppDelegate.m */ = {isa = PBXFileReference; lastKnownFileType = sourcecode.c.objc; path = AppDelegate.m; sourceTree = "<group>"; };
		C0F40715159942DF00E93848 /* ViewController.h */ = {isa = PBXFileReference; lastKnownFileType = sourcecode.c.h; path = ViewController.h; sourceTree = "<group>"; };
		C0F40716159942DF00E93848 /* ViewController.m */ = {isa = PBXFileReference; lastKnownFileType = sourcecode.c.objc; path = ViewController.m; sourceTree = "<group>"; };
		C0F40719159942DF00E93848 /* en */ = {isa = PBXFileReference; lastKnownFileType = file.xib; name = en; path = en.lproj/ViewController_iPhone.xib; sourceTree = "<group>"; };
		C0F4071C159942DF00E93848 /* en */ = {isa = PBXFileReference; lastKnownFileType = file.xib; name = en; path = en.lproj/ViewController_iPad.xib; sourceTree = "<group>"; };
		C0F40787159A921E00E93848 /* DogClass.h */ = {isa = PBXFileReference; fileEncoding = 4; lastKnownFileType = sourcecode.c.h; path = DogClass.h; sourceTree = "<group>"; };
		C0F40788159A921E00E93848 /* DogClass.m */ = {isa = PBXFileReference; fileEncoding = 4; lastKnownFileType = sourcecode.c.objc; path = DogClass.m; sourceTree = "<group>"; };
		C0F4078A159ABB4300E93848 /* BoxerDog.h */ = {isa = PBXFileReference; fileEncoding = 4; lastKnownFileType = sourcecode.c.h; path = BoxerDog.h; sourceTree = "<group>"; };
		C0F4078B159ABB4300E93848 /* BoxerDog.m */ = {isa = PBXFileReference; fileEncoding = 4; lastKnownFileType = sourcecode.c.objc; path = BoxerDog.m; sourceTree = "<group>"; };
		C0F4078D159ABB5600E93848 /* MastiffDog.h */ = {isa = PBXFileReference; fileEncoding = 4; lastKnownFileType = sourcecode.c.h; path = MastiffDog.h; sourceTree = "<group>"; };
		C0F4078E159ABB5600E93848 /* MastiffDog.m */ = {isa = PBXFileReference; fileEncoding = 4; lastKnownFileType = sourcecode.c.objc; path = MastiffDog.m; sourceTree = "<group>"; };
		C0F40790159ABB6400E93848 /* BeagleDog.h */ = {isa = PBXFileReference; fileEncoding = 4; lastKnownFileType = sourcecode.c.h; path = BeagleDog.h; sourceTree = "<group>"; };
		C0F40791159ABB6400E93848 /* BeagleDog.m */ = {isa = PBXFileReference; fileEncoding = 4; lastKnownFileType = sourcecode.c.objc; path = BeagleDog.m; sourceTree = "<group>"; };
/* End PBXFileReference section */

/* Begin PBXFrameworksBuildPhase section */
		C0F406FC159942DF00E93848 /* Frameworks */ = {
			isa = PBXFrameworksBuildPhase;
			buildActionMask = 2147483647;
			files = (
				C0F40704159942DF00E93848 /* UIKit.framework in Frameworks */,
				C0F40706159942DF00E93848 /* Foundation.framework in Frameworks */,
				C0F40708159942DF00E93848 /* CoreGraphics.framework in Frameworks */,
			);
			runOnlyForDeploymentPostprocessing = 0;
		};
/* End PBXFrameworksBuildPhase section */

/* Begin PBXGroup section */
		C0F406F4159942DF00E93848 = {
			isa = PBXGroup;
			children = (
				C0F40709159942DF00E93848 /* week1 */,
				C0F40702159942DF00E93848 /* Frameworks */,
				C0F40700159942DF00E93848 /* Products */,
			);
			sourceTree = "<group>";
		};
		C0F40700159942DF00E93848 /* Products */ = {
			isa = PBXGroup;
			children = (
				C0F406FF159942DF00E93848 /* week1.app */,
			);
			name = Products;
			sourceTree = "<group>";
		};
		C0F40702159942DF00E93848 /* Frameworks */ = {
			isa = PBXGroup;
			children = (
				C0F40703159942DF00E93848 /* UIKit.framework */,
				C0F40705159942DF00E93848 /* Foundation.framework */,
				C0F40707159942DF00E93848 /* CoreGraphics.framework */,
			);
			name = Frameworks;
			sourceTree = "<group>";
		};
		C0F40709159942DF00E93848 /* week1 */ = {
			isa = PBXGroup;
			children = (
				C0F40712159942DF00E93848 /* AppDelegate.h */,
				C0F40713159942DF00E93848 /* AppDelegate.m */,
				C0F40715159942DF00E93848 /* ViewController.h */,
				C0F40716159942DF00E93848 /* ViewController.m */,
				C0F40718159942DF00E93848 /* ViewController_iPhone.xib */,
				C0F4071B159942DF00E93848 /* ViewController_iPad.xib */,
				C0F4070A159942DF00E93848 /* Supporting Files */,
				C0F40787159A921E00E93848 /* DogClass.h */,
				C0F40788159A921E00E93848 /* DogClass.m */,
				C0F4078A159ABB4300E93848 /* BoxerDog.h */,
				C0F4078B159ABB4300E93848 /* BoxerDog.m */,
				C0F4078D159ABB5600E93848 /* MastiffDog.h */,
				C0F4078E159ABB5600E93848 /* MastiffDog.m */,
				C0F40790159ABB6400E93848 /* BeagleDog.h */,
				C0F40791159ABB6400E93848 /* BeagleDog.m */,
			);
			path = week1;
			sourceTree = "<group>";
		};
		C0F4070A159942DF00E93848 /* Supporting Files */ = {
			isa = PBXGroup;
			children = (
				C0F4070B159942DF00E93848 /* week1-Info.plist */,
				C0F4070C159942DF00E93848 /* InfoPlist.strings */,
				C0F4070F159942DF00E93848 /* main.m */,
				C0F40711159942DF00E93848 /* week1-Prefix.pch */,
			);
			name = "Supporting Files";
			sourceTree = "<group>";
		};
/* End PBXGroup section */

/* Begin PBXNativeTarget section */
		C0F406FE159942DF00E93848 /* week1 */ = {
			isa = PBXNativeTarget;
			buildConfigurationList = C0F40720159942DF00E93848 /* Build configuration list for PBXNativeTarget "week1" */;
			buildPhases = (
				C0F406FB159942DF00E93848 /* Sources */,
				C0F406FC159942DF00E93848 /* Frameworks */,
				C0F406FD159942DF00E93848 /* Resources */,
			);
			buildRules = (
			);
			dependencies = (
			);
			name = week1;
			productName = week1;
			productReference = C0F406FF159942DF00E93848 /* week1.app */;
			productType = "com.apple.product-type.application";
		};
/* End PBXNativeTarget section */

/* Begin PBXProject section */
		C0F406F6159942DF00E93848 /* Project object */ = {
			isa = PBXProject;
			attributes = {
				LastUpgradeCheck = 0430;
				ORGANIZATIONNAME = "Full Sail University";
			};
			buildConfigurationList = C0F406F9159942DF00E93848 /* Build configuration list for PBXProject "week1" */;
			compatibilityVersion = "Xcode 3.2";
			developmentRegion = English;
			hasScannedForEncodings = 0;
			knownRegions = (
				en,
			);
			mainGroup = C0F406F4159942DF00E93848;
			productRefGroup = C0F40700159942DF00E93848 /* Products */;
			projectDirPath = "";
			projectRoot = "";
			targets = (
				C0F406FE159942DF00E93848 /* week1 */,
			);
		};
/* End PBXProject section */

/* Begin PBXResourcesBuildPhase section */
		C0F406FD159942DF00E93848 /* Resources */ = {
			isa = PBXResourcesBuildPhase;
			buildActionMask = 2147483647;
			files = (
				C0F4070E159942DF00E93848 /* InfoPlist.strings in Resources */,
				C0F4071A159942DF00E93848 /* ViewController_iPhone.xib in Resources */,
				C0F4071D159942DF00E93848 /* ViewController_iPad.xib in Resources */,
			);
			runOnlyForDeploymentPostprocessing = 0;
		};
/* End PBXResourcesBuildPhase section */

/* Begin PBXSourcesBuildPhase section */
		C0F406FB159942DF00E93848 /* Sources */ = {
			isa = PBXSourcesBuildPhase;
			buildActionMask = 2147483647;
			files = (
				C0F40710159942DF00E93848 /* main.m in Sources */,
				C0F40714159942DF00E93848 /* AppDelegate.m in Sources */,
				C0F40717159942DF00E93848 /* ViewController.m in Sources */,
				C0F40789159A921E00E93848 /* DogClass.m in Sources */,
				C0F4078C159ABB4300E93848 /* BoxerDog.m in Sources */,
				C0F4078F159ABB5600E93848 /* MastiffDog.m in Sources */,
				C0F40792159ABB6400E93848 /* BeagleDog.m in Sources */,
			);
			runOnlyForDeploymentPostprocessing = 0;
		};
/* End PBXSourcesBuildPhase section */

/* Begin PBXVariantGroup section */
		C0F4070C159942DF00E93848 /* InfoPlist.strings */ = {
			isa = PBXVariantGroup;
			children = (
				C0F4070D159942DF00E93848 /* en */,
			);
			name = InfoPlist.strings;
			sourceTree = "<group>";
		};
		C0F40718159942DF00E93848 /* ViewController_iPhone.xib */ = {
			isa = PBXVariantGroup;
			children = (
				C0F40719159942DF00E93848 /* en */,
			);
			name = ViewController_iPhone.xib;
			sourceTree = "<group>";
		};
		C0F4071B159942DF00E93848 /* ViewController_iPad.xib */ = {
			isa = PBXVariantGroup;
			children = (
				C0F4071C159942DF00E93848 /* en */,
			);
			name = ViewController_iPad.xib;
			sourceTree = "<group>";
		};
/* End PBXVariantGroup section */

/* Begin XCBuildConfiguration section */
		C0F4071E159942DF00E93848 /* Debug */ = {
			isa = XCBuildConfiguration;
			buildSettings = {
				ALWAYS_SEARCH_USER_PATHS = NO;
				ARCHS = "$(ARCHS_STANDARD_32_BIT)";
				CLANG_ENABLE_OBJC_ARC = YES;
				"CODE_SIGN_IDENTITY[sdk=iphoneos*]" = "iPhone Developer";
				COPY_PHASE_STRIP = NO;
				GCC_C_LANGUAGE_STANDARD = gnu99;
				GCC_DYNAMIC_NO_PIC = NO;
				GCC_OPTIMIZATION_LEVEL = 0;
				GCC_PREPROCESSOR_DEFINITIONS = (
					"DEBUG=1",
					"$(inherited)",
				);
				GCC_SYMBOLS_PRIVATE_EXTERN = NO;
				GCC_VERSION = com.apple.compilers.llvm.clang.1_0;
				GCC_WARN_ABOUT_RETURN_TYPE = YES;
				GCC_WARN_UNINITIALIZED_AUTOS = YES;
				GCC_WARN_UNUSED_VARIABLE = YES;
				IPHONEOS_DEPLOYMENT_TARGET = 5.1;
				SDKROOT = iphoneos;
				TARGETED_DEVICE_FAMILY = "1,2";
			};
			name = Debug;
		};
		C0F4071F159942DF00E93848 /* Release */ = {
			isa = XCBuildConfiguration;
			buildSettings = {
				ALWAYS_SEARCH_USER_PATHS = NO;
				ARCHS = "$(ARCHS_STANDARD_32_BIT)";
				CLANG_ENABLE_OBJC_ARC = YES;
				"CODE_SIGN_IDENTITY[sdk=iphoneos*]" = "iPhone Developer";
				COPY_PHASE_STRIP = YES;
				GCC_C_LANGUAGE_STANDARD = gnu99;
				GCC_VERSION = com.apple.compilers.llvm.clang.1_0;
				GCC_WARN_ABOUT_RETURN_TYPE = YES;
				GCC_WARN_UNINITIALIZED_AUTOS = YES;
				GCC_WARN_UNUSED_VARIABLE = YES;
				IPHONEOS_DEPLOYMENT_TARGET = 5.1;
				OTHER_CFLAGS = "-DNS_BLOCK_ASSERTIONS=1";
				SDKROOT = iphoneos;
				TARGETED_DEVICE_FAMILY = "1,2";
				VALIDATE_PRODUCT = YES;
			};
			name = Release;
		};
		C0F40721159942DF00E93848 /* Debug */ = {
			isa = XCBuildConfiguration;
			buildSettings = {
				GCC_PRECOMPILE_PREFIX_HEADER = YES;
				GCC_PREFIX_HEADER = "week1/week1-Prefix.pch";
				INFOPLIST_FILE = "week1/week1-Info.plist";
				PRODUCT_NAME = "$(TARGET_NAME)";
				WRAPPER_EXTENSION = app;
			};
			name = Debug;
		};
		C0F40722159942DF00E93848 /* Release */ = {
			isa = XCBuildConfiguration;
			buildSettings = {
				GCC_PRECOMPILE_PREFIX_HEADER = YES;
				GCC_PREFIX_HEADER = "week1/week1-Prefix.pch";
				INFOPLIST_FILE = "week1/week1-Info.plist";
				PRODUCT_NAME = "$(TARGET_NAME)";
				WRAPPER_EXTENSION = app;
			};
			name = Release;
		};
/* End XCBuildConfiguration section */

/* Begin XCConfigurationList section */
		C0F406F9159942DF00E93848 /* Build configuration list for PBXProject "week1" */ = {
			isa = XCConfigurationList;
			buildConfigurations = (
				C0F4071E159942DF00E93848 /* Debug */,
				C0F4071F159942DF00E93848 /* Release */,
			);
			defaultConfigurationIsVisible = 0;
			defaultConfigurationName = Release;
		};
		C0F40720159942DF00E93848 /* Build configuration list for PBXNativeTarget "week1" */ = {
			isa = XCConfigurationList;
			buildConfigurations = (
				C0F40721159942DF00E93848 /* Debug */,
				C0F40722159942DF00E93848 /* Release */,
			);
			defaultConfigurationIsVisible = 0;
		};
/* End XCConfigurationList section */
	};
	rootObject = C0F406F6159942DF00E93848 /* Project object */;
}
